// !$*UTF8*$!
{
	archiveVersion = 1;
	classes = {
	};
	objectVersion = 46;
	objects = {

/* Begin PBXBuildFile section */
		492541ED8878072E96D7B29F /* Pods_CareerViewerTests.framework in Frameworks */ = {isa = PBXBuildFile; fileRef = 251D28EAED74766470006B86 /* Pods_CareerViewerTests.framework */; };
		8614EFE8E541026AB30FD84B /* Pods_CareerViewer.framework in Frameworks */ = {isa = PBXBuildFile; fileRef = 243CF2F4FF0EEA65825EBDF8 /* Pods_CareerViewer.framework */; };
		F951A3A52067C97100181788 /* UiViewToImage.swift in Sources */ = {isa = PBXBuildFile; fileRef = F951A3A42067C97100181788 /* UiViewToImage.swift */; };
		F9551DE62067ABB2001618AC /* JsonHandler.swift in Sources */ = {isa = PBXBuildFile; fileRef = F9551DE52067ABB2001618AC /* JsonHandler.swift */; };
		F9551DED2067AC28001618AC /* workExperience.json in Resources */ = {isa = PBXBuildFile; fileRef = F9551DE82067AC28001618AC /* workExperience.json */; };
		F9551DEE2067AC28001618AC /* wrongFormatFile.json in Resources */ = {isa = PBXBuildFile; fileRef = F9551DE92067AC28001618AC /* wrongFormatFile.json */; };
		F9551DEF2067AC28001618AC /* contact.json in Resources */ = {isa = PBXBuildFile; fileRef = F9551DEA2067AC28001618AC /* contact.json */; };
		F9551DF02067AC28001618AC /* skill.json in Resources */ = {isa = PBXBuildFile; fileRef = F9551DEB2067AC28001618AC /* skill.json */; };
		F9551DF12067AC28001618AC /* education.json in Resources */ = {isa = PBXBuildFile; fileRef = F9551DEC2067AC28001618AC /* education.json */; };
		F9551DF32067AF08001618AC /* EducationViewController.swift in Sources */ = {isa = PBXBuildFile; fileRef = F9551DF22067AF08001618AC /* EducationViewController.swift */; };
		F9551DFA2067B2CA001618AC /* WorkExperienceViewController.swift in Sources */ = {isa = PBXBuildFile; fileRef = F9551DF92067B2CA001618AC /* WorkExperienceViewController.swift */; };
		F9551E082067B8AB001618AC /* SkillViewController.swift in Sources */ = {isa = PBXBuildFile; fileRef = F9551E072067B8AB001618AC /* SkillViewController.swift */; };
		F9551E0F2067BAEE001618AC /* ContactViewController.swift in Sources */ = {isa = PBXBuildFile; fileRef = F9551E0E2067BAEE001618AC /* ContactViewController.swift */; };
		F979258620676B28008CEDB9 /* AppDelegate.swift in Sources */ = {isa = PBXBuildFile; fileRef = F979258520676B28008CEDB9 /* AppDelegate.swift */; };
		F979258B20676B28008CEDB9 /* Main.storyboard in Resources */ = {isa = PBXBuildFile; fileRef = F979258920676B28008CEDB9 /* Main.storyboard */; };
		F979258E20676B28008CEDB9 /* CareerViewer.xcdatamodeld in Sources */ = {isa = PBXBuildFile; fileRef = F979258C20676B28008CEDB9 /* CareerViewer.xcdatamodeld */; };
		F979259020676B28008CEDB9 /* Assets.xcassets in Resources */ = {isa = PBXBuildFile; fileRef = F979258F20676B28008CEDB9 /* Assets.xcassets */; };
		F979259320676B28008CEDB9 /* LaunchScreen.storyboard in Resources */ = {isa = PBXBuildFile; fileRef = F979259120676B28008CEDB9 /* LaunchScreen.storyboard */; };
		F979259E20676B28008CEDB9 /* CareerViewerTests.swift in Sources */ = {isa = PBXBuildFile; fileRef = F979259D20676B28008CEDB9 /* CareerViewerTests.swift */; };
		F97925AF20677569008CEDB9 /* Overview+CoreDataClass.swift in Sources */ = {isa = PBXBuildFile; fileRef = F97925AD20677569008CEDB9 /* Overview+CoreDataClass.swift */; };
		F97925B020677569008CEDB9 /* Overview+CoreDataProperties.swift in Sources */ = {isa = PBXBuildFile; fileRef = F97925AE20677569008CEDB9 /* Overview+CoreDataProperties.swift */; };
		F97925B320677695008CEDB9 /* Resume.swift in Sources */ = {isa = PBXBuildFile; fileRef = F97925B220677695008CEDB9 /* Resume.swift */; };
		F97925B520677771008CEDB9 /* WorkExperience.swift in Sources */ = {isa = PBXBuildFile; fileRef = F97925B420677771008CEDB9 /* WorkExperience.swift */; };
		F97925B72067777D008CEDB9 /* Education.swift in Sources */ = {isa = PBXBuildFile; fileRef = F97925B62067777D008CEDB9 /* Education.swift */; };
		F97925B920677798008CEDB9 /* Skill.swift in Sources */ = {isa = PBXBuildFile; fileRef = F97925B820677798008CEDB9 /* Skill.swift */; };
		F97925BB206777AB008CEDB9 /* Contact.swift in Sources */ = {isa = PBXBuildFile; fileRef = F97925BA206777AB008CEDB9 /* Contact.swift */; };
		F97925BE20677836008CEDB9 /* ContactType.swift in Sources */ = {isa = PBXBuildFile; fileRef = F97925BD20677836008CEDB9 /* ContactType.swift */; };
		F9DA07A520DFC54F00C0104C /* Result.swift in Sources */ = {isa = PBXBuildFile; fileRef = F9DA07A420DFC54F00C0104C /* Result.swift */; };
		F9DA07A720DFC62400C0104C /* tapGestureRecognizerwithParam.swift in Sources */ = {isa = PBXBuildFile; fileRef = F9DA07A620DFC62400C0104C /* tapGestureRecognizerwithParam.swift */; };
		F9DA07AA20DFC6B600C0104C /* ContactCell.swift in Sources */ = {isa = PBXBuildFile; fileRef = F9DA07A820DFC6B600C0104C /* ContactCell.swift */; };
		F9DA07AB20DFC6B600C0104C /* ContactCell.xib in Resources */ = {isa = PBXBuildFile; fileRef = F9DA07A920DFC6B600C0104C /* ContactCell.xib */; };
		F9DA07AE20DFC6C500C0104C /* SkillCell.swift in Sources */ = {isa = PBXBuildFile; fileRef = F9DA07AC20DFC6C500C0104C /* SkillCell.swift */; };
		F9DA07AF20DFC6C500C0104C /* SkillCell.xib in Resources */ = {isa = PBXBuildFile; fileRef = F9DA07AD20DFC6C500C0104C /* SkillCell.xib */; };
		F9DA07B220DFC6CD00C0104C /* WorkExperienceCell.swift in Sources */ = {isa = PBXBuildFile; fileRef = F9DA07B020DFC6CD00C0104C /* WorkExperienceCell.swift */; };
		F9DA07B320DFC6CD00C0104C /* WorkExperienceCell.xib in Resources */ = {isa = PBXBuildFile; fileRef = F9DA07B120DFC6CD00C0104C /* WorkExperienceCell.xib */; };
		F9DA07B620DFC6D600C0104C /* EducationCell.xib in Resources */ = {isa = PBXBuildFile; fileRef = F9DA07B420DFC6D600C0104C /* EducationCell.xib */; };
		F9DA07B720DFC6D600C0104C /* EducationCell.swift in Sources */ = {isa = PBXBuildFile; fileRef = F9DA07B520DFC6D600C0104C /* EducationCell.swift */; };
		F9E8E80F20677B0A005B4FAE /* CoreDataHandler.swift in Sources */ = {isa = PBXBuildFile; fileRef = F9E8E80E20677B0A005B4FAE /* CoreDataHandler.swift */; };
		F9E8E81320678C93005B4FAE /* ApiUrl.swift in Sources */ = {isa = PBXBuildFile; fileRef = F9E8E81220678C93005B4FAE /* ApiUrl.swift */; };
		F9E8E81520678CD8005B4FAE /* ErrorType.swift in Sources */ = {isa = PBXBuildFile; fileRef = F9E8E81420678CD8005B4FAE /* ErrorType.swift */; };
		F9E8E81720679819005B4FAE /* OverviewViewController.swift in Sources */ = {isa = PBXBuildFile; fileRef = F9E8E81620679819005B4FAE /* OverviewViewController.swift */; };
		F9E8E81B206798DF005B4FAE /* BaseViewController.swift in Sources */ = {isa = PBXBuildFile; fileRef = F9E8E81A206798DF005B4FAE /* BaseViewController.swift */; };
		F9E8E81D20679915005B4FAE /* ErrorMessage.swift in Sources */ = {isa = PBXBuildFile; fileRef = F9E8E81C20679915005B4FAE /* ErrorMessage.swift */; };
/* End PBXBuildFile section */

/* Begin PBXContainerItemProxy section */
		F979259A20676B28008CEDB9 /* PBXContainerItemProxy */ = {
			isa = PBXContainerItemProxy;
			containerPortal = F979257A20676B28008CEDB9 /* Project object */;
			proxyType = 1;
			remoteGlobalIDString = F979258120676B28008CEDB9;
			remoteInfo = CareerViewer;
		};
/* End PBXContainerItemProxy section */

/* Begin PBXFileReference section */
		243CF2F4FF0EEA65825EBDF8 /* Pods_CareerViewer.framework */ = {isa = PBXFileReference; explicitFileType = wrapper.framework; includeInIndex = 0; path = Pods_CareerViewer.framework; sourceTree = BUILT_PRODUCTS_DIR; };
		251D28EAED74766470006B86 /* Pods_CareerViewerTests.framework */ = {isa = PBXFileReference; explicitFileType = wrapper.framework; includeInIndex = 0; path = Pods_CareerViewerTests.framework; sourceTree = BUILT_PRODUCTS_DIR; };
		5B2675E3F4A2E04E9795A729 /* Pods-CareerViewer.release.xcconfig */ = {isa = PBXFileReference; includeInIndex = 1; lastKnownFileType = text.xcconfig; name = "Pods-CareerViewer.release.xcconfig"; path = "Pods/Target Support Files/Pods-CareerViewer/Pods-CareerViewer.release.xcconfig"; sourceTree = "<group>"; };
		5D9AB0849B7D71CC42213F0D /* Pods-CareerViewer.debug.xcconfig */ = {isa = PBXFileReference; includeInIndex = 1; lastKnownFileType = text.xcconfig; name = "Pods-CareerViewer.debug.xcconfig"; path = "Pods/Target Support Files/Pods-CareerViewer/Pods-CareerViewer.debug.xcconfig"; sourceTree = "<group>"; };
		83E4911FDD9FA0FB550E5B1D /* Pods-CareerViewerTests.release.xcconfig */ = {isa = PBXFileReference; includeInIndex = 1; lastKnownFileType = text.xcconfig; name = "Pods-CareerViewerTests.release.xcconfig"; path = "Pods/Target Support Files/Pods-CareerViewerTests/Pods-CareerViewerTests.release.xcconfig"; sourceTree = "<group>"; };
		D18F292374684736A706D828 /* Pods-CareerViewerTests.debug.xcconfig */ = {isa = PBXFileReference; includeInIndex = 1; lastKnownFileType = text.xcconfig; name = "Pods-CareerViewerTests.debug.xcconfig"; path = "Pods/Target Support Files/Pods-CareerViewerTests/Pods-CareerViewerTests.debug.xcconfig"; sourceTree = "<group>"; };
		F951A3A42067C97100181788 /* UiViewToImage.swift */ = {isa = PBXFileReference; fileEncoding = 4; lastKnownFileType = sourcecode.swift; path = UiViewToImage.swift; sourceTree = "<group>"; };
		F9551DE52067ABB2001618AC /* JsonHandler.swift */ = {isa = PBXFileReference; fileEncoding = 4; lastKnownFileType = sourcecode.swift; path = JsonHandler.swift; sourceTree = "<group>"; };
		F9551DE82067AC28001618AC /* workExperience.json */ = {isa = PBXFileReference; fileEncoding = 4; lastKnownFileType = text.json; name = workExperience.json; path = files/workExperience.json; sourceTree = SOURCE_ROOT; };
		F9551DE92067AC28001618AC /* wrongFormatFile.json */ = {isa = PBXFileReference; fileEncoding = 4; lastKnownFileType = text.json; name = wrongFormatFile.json; path = files/wrongFormatFile.json; sourceTree = SOURCE_ROOT; };
		F9551DEA2067AC28001618AC /* contact.json */ = {isa = PBXFileReference; fileEncoding = 4; lastKnownFileType = text.json; name = contact.json; path = files/contact.json; sourceTree = SOURCE_ROOT; };
		F9551DEB2067AC28001618AC /* skill.json */ = {isa = PBXFileReference; fileEncoding = 4; lastKnownFileType = text.json; name = skill.json; path = files/skill.json; sourceTree = SOURCE_ROOT; };
		F9551DEC2067AC28001618AC /* education.json */ = {isa = PBXFileReference; fileEncoding = 4; lastKnownFileType = text.json; name = education.json; path = files/education.json; sourceTree = SOURCE_ROOT; };
		F9551DF22067AF08001618AC /* EducationViewController.swift */ = {isa = PBXFileReference; fileEncoding = 4; lastKnownFileType = sourcecode.swift; path = EducationViewController.swift; sourceTree = "<group>"; };
		F9551DF92067B2CA001618AC /* WorkExperienceViewController.swift */ = {isa = PBXFileReference; fileEncoding = 4; lastKnownFileType = sourcecode.swift; path = WorkExperienceViewController.swift; sourceTree = "<group>"; };
		F9551E072067B8AB001618AC /* SkillViewController.swift */ = {isa = PBXFileReference; fileEncoding = 4; lastKnownFileType = sourcecode.swift; path = SkillViewController.swift; sourceTree = "<group>"; };
		F9551E0E2067BAEE001618AC /* ContactViewController.swift */ = {isa = PBXFileReference; fileEncoding = 4; lastKnownFileType = sourcecode.swift; path = ContactViewController.swift; sourceTree = "<group>"; };
		F979258220676B28008CEDB9 /* CareerViewer.app */ = {isa = PBXFileReference; explicitFileType = wrapper.application; includeInIndex = 0; path = CareerViewer.app; sourceTree = BUILT_PRODUCTS_DIR; };
		F979258520676B28008CEDB9 /* AppDelegate.swift */ = {isa = PBXFileReference; lastKnownFileType = sourcecode.swift; path = AppDelegate.swift; sourceTree = "<group>"; };
		F979258A20676B28008CEDB9 /* Base */ = {isa = PBXFileReference; lastKnownFileType = file.storyboard; name = Base; path = Base.lproj/Main.storyboard; sourceTree = "<group>"; };
		F979258D20676B28008CEDB9 /* CareerViewer.xcdatamodel */ = {isa = PBXFileReference; lastKnownFileType = wrapper.xcdatamodel; path = CareerViewer.xcdatamodel; sourceTree = "<group>"; };
		F979258F20676B28008CEDB9 /* Assets.xcassets */ = {isa = PBXFileReference; lastKnownFileType = folder.assetcatalog; path = Assets.xcassets; sourceTree = "<group>"; };
		F979259220676B28008CEDB9 /* Base */ = {isa = PBXFileReference; lastKnownFileType = file.storyboard; name = Base; path = Base.lproj/LaunchScreen.storyboard; sourceTree = "<group>"; };
		F979259420676B28008CEDB9 /* Info.plist */ = {isa = PBXFileReference; lastKnownFileType = text.plist.xml; path = Info.plist; sourceTree = "<group>"; };
		F979259920676B28008CEDB9 /* CareerViewerTests.xctest */ = {isa = PBXFileReference; explicitFileType = wrapper.cfbundle; includeInIndex = 0; path = CareerViewerTests.xctest; sourceTree = BUILT_PRODUCTS_DIR; };
		F979259D20676B28008CEDB9 /* CareerViewerTests.swift */ = {isa = PBXFileReference; lastKnownFileType = sourcecode.swift; path = CareerViewerTests.swift; sourceTree = "<group>"; };
		F979259F20676B28008CEDB9 /* Info.plist */ = {isa = PBXFileReference; lastKnownFileType = text.plist.xml; path = Info.plist; sourceTree = "<group>"; };
		F97925AD20677569008CEDB9 /* Overview+CoreDataClass.swift */ = {isa = PBXFileReference; fileEncoding = 4; lastKnownFileType = sourcecode.swift; path = "Overview+CoreDataClass.swift"; sourceTree = "<group>"; };
		F97925AE20677569008CEDB9 /* Overview+CoreDataProperties.swift */ = {isa = PBXFileReference; fileEncoding = 4; lastKnownFileType = sourcecode.swift; path = "Overview+CoreDataProperties.swift"; sourceTree = "<group>"; };
		F97925B220677695008CEDB9 /* Resume.swift */ = {isa = PBXFileReference; fileEncoding = 4; lastKnownFileType = sourcecode.swift; path = Resume.swift; sourceTree = "<group>"; };
		F97925B420677771008CEDB9 /* WorkExperience.swift */ = {isa = PBXFileReference; fileEncoding = 4; lastKnownFileType = sourcecode.swift; path = WorkExperience.swift; sourceTree = "<group>"; };
		F97925B62067777D008CEDB9 /* Education.swift */ = {isa = PBXFileReference; fileEncoding = 4; lastKnownFileType = sourcecode.swift; path = Education.swift; sourceTree = "<group>"; };
		F97925B820677798008CEDB9 /* Skill.swift */ = {isa = PBXFileReference; fileEncoding = 4; lastKnownFileType = sourcecode.swift; path = Skill.swift; sourceTree = "<group>"; };
		F97925BA206777AB008CEDB9 /* Contact.swift */ = {isa = PBXFileReference; fileEncoding = 4; lastKnownFileType = sourcecode.swift; path = Contact.swift; sourceTree = "<group>"; };
		F97925BD20677836008CEDB9 /* ContactType.swift */ = {isa = PBXFileReference; fileEncoding = 4; lastKnownFileType = sourcecode.swift; path = ContactType.swift; sourceTree = "<group>"; };
		F9DA07A420DFC54F00C0104C /* Result.swift */ = {isa = PBXFileReference; lastKnownFileType = sourcecode.swift; path = Result.swift; sourceTree = "<group>"; };
		F9DA07A620DFC62400C0104C /* tapGestureRecognizerwithParam.swift */ = {isa = PBXFileReference; lastKnownFileType = sourcecode.swift; path = tapGestureRecognizerwithParam.swift; sourceTree = "<group>"; };
		F9DA07A820DFC6B600C0104C /* ContactCell.swift */ = {isa = PBXFileReference; fileEncoding = 4; lastKnownFileType = sourcecode.swift; path = ContactCell.swift; sourceTree = "<group>"; };
		F9DA07A920DFC6B600C0104C /* ContactCell.xib */ = {isa = PBXFileReference; fileEncoding = 4; lastKnownFileType = file.xib; path = ContactCell.xib; sourceTree = "<group>"; };
		F9DA07AC20DFC6C500C0104C /* SkillCell.swift */ = {isa = PBXFileReference; fileEncoding = 4; lastKnownFileType = sourcecode.swift; path = SkillCell.swift; sourceTree = "<group>"; };
		F9DA07AD20DFC6C500C0104C /* SkillCell.xib */ = {isa = PBXFileReference; fileEncoding = 4; lastKnownFileType = file.xib; path = SkillCell.xib; sourceTree = "<group>"; };
		F9DA07B020DFC6CD00C0104C /* WorkExperienceCell.swift */ = {isa = PBXFileReference; fileEncoding = 4; lastKnownFileType = sourcecode.swift; path = WorkExperienceCell.swift; sourceTree = "<group>"; };
		F9DA07B120DFC6CD00C0104C /* WorkExperienceCell.xib */ = {isa = PBXFileReference; fileEncoding = 4; lastKnownFileType = file.xib; path = WorkExperienceCell.xib; sourceTree = "<group>"; };
		F9DA07B420DFC6D600C0104C /* EducationCell.xib */ = {isa = PBXFileReference; fileEncoding = 4; lastKnownFileType = file.xib; path = EducationCell.xib; sourceTree = "<group>"; };
		F9DA07B520DFC6D600C0104C /* EducationCell.swift */ = {isa = PBXFileReference; fileEncoding = 4; lastKnownFileType = sourcecode.swift; path = EducationCell.swift; sourceTree = "<group>"; };
		F9E8E80E20677B0A005B4FAE /* CoreDataHandler.swift */ = {isa = PBXFileReference; fileEncoding = 4; lastKnownFileType = sourcecode.swift; path = CoreDataHandler.swift; sourceTree = "<group>"; };
		F9E8E81220678C93005B4FAE /* ApiUrl.swift */ = {isa = PBXFileReference; fileEncoding = 4; lastKnownFileType = sourcecode.swift; path = ApiUrl.swift; sourceTree = "<group>"; };
		F9E8E81420678CD8005B4FAE /* ErrorType.swift */ = {isa = PBXFileReference; fileEncoding = 4; lastKnownFileType = sourcecode.swift; path = ErrorType.swift; sourceTree = "<group>"; };
		F9E8E81620679819005B4FAE /* OverviewViewController.swift */ = {isa = PBXFileReference; fileEncoding = 4; lastKnownFileType = sourcecode.swift; path = OverviewViewController.swift; sourceTree = "<group>"; };
		F9E8E81A206798DF005B4FAE /* BaseViewController.swift */ = {isa = PBXFileReference; fileEncoding = 4; lastKnownFileType = sourcecode.swift; path = BaseViewController.swift; sourceTree = "<group>"; };
		F9E8E81C20679915005B4FAE /* ErrorMessage.swift */ = {isa = PBXFileReference; fileEncoding = 4; lastKnownFileType = sourcecode.swift; path = ErrorMessage.swift; sourceTree = "<group>"; };
/* End PBXFileReference section */

/* Begin PBXFrameworksBuildPhase section */
		F979257F20676B28008CEDB9 /* Frameworks */ = {
			isa = PBXFrameworksBuildPhase;
			buildActionMask = 2147483647;
			files = (
				8614EFE8E541026AB30FD84B /* Pods_CareerViewer.framework in Frameworks */,
			);
			runOnlyForDeploymentPostprocessing = 0;
		};
		F979259620676B28008CEDB9 /* Frameworks */ = {
			isa = PBXFrameworksBuildPhase;
			buildActionMask = 2147483647;
			files = (
				492541ED8878072E96D7B29F /* Pods_CareerViewerTests.framework in Frameworks */,
			);
			runOnlyForDeploymentPostprocessing = 0;
		};
/* End PBXFrameworksBuildPhase section */

/* Begin PBXGroup section */
		6A8260BE1519289D0D302292 /* Frameworks */ = {
			isa = PBXGroup;
			children = (
				243CF2F4FF0EEA65825EBDF8 /* Pods_CareerViewer.framework */,
				251D28EAED74766470006B86 /* Pods_CareerViewerTests.framework */,
			);
			name = Frameworks;
			sourceTree = "<group>";
		};
		F55F50395F02A9343015230E /* Pods */ = {
			isa = PBXGroup;
			children = (
				5D9AB0849B7D71CC42213F0D /* Pods-CareerViewer.debug.xcconfig */,
				5B2675E3F4A2E04E9795A729 /* Pods-CareerViewer.release.xcconfig */,
				D18F292374684736A706D828 /* Pods-CareerViewerTests.debug.xcconfig */,
				83E4911FDD9FA0FB550E5B1D /* Pods-CareerViewerTests.release.xcconfig */,
			);
			name = Pods;
			sourceTree = "<group>";
		};
		F9551DE32067AB99001618AC /* CoreData */ = {
			isa = PBXGroup;
			children = (
				F9E8E80E20677B0A005B4FAE /* CoreDataHandler.swift */,
			);
			name = CoreData;
			sourceTree = "<group>";
		};
		F9551DE42067ABA3001618AC /* Json */ = {
			isa = PBXGroup;
			children = (
				F9551DE52067ABB2001618AC /* JsonHandler.swift */,
			);
			name = Json;
			sourceTree = "<group>";
		};
		F9551DE72067ABEA001618AC /* JasonFiles */ = {
			isa = PBXGroup;
			children = (
				F9551DE82067AC28001618AC /* workExperience.json */,
				F9551DE92067AC28001618AC /* wrongFormatFile.json */,
				F9551DEA2067AC28001618AC /* contact.json */,
				F9551DEB2067AC28001618AC /* skill.json */,
				F9551DEC2067AC28001618AC /* education.json */,
			);
			name = JasonFiles;
			sourceTree = "<group>";
		};
		F9551DF42067AF8E001618AC /* EducationCell */ = {
			isa = PBXGroup;
			children = (
				F9DA07B520DFC6D600C0104C /* EducationCell.swift */,
				F9DA07B420DFC6D600C0104C /* EducationCell.xib */,
			);
			name = EducationCell;
			sourceTree = "<group>";
		};
		F9551DFB2067B2E6001618AC /* WorkExperienceCell */ = {
			isa = PBXGroup;
			children = (
				F9DA07B020DFC6CD00C0104C /* WorkExperienceCell.swift */,
				F9DA07B120DFC6CD00C0104C /* WorkExperienceCell.xib */,
			);
			name = WorkExperienceCell;
			sourceTree = "<group>";
		};
		F9551E022067B840001618AC /* SkillCell */ = {
			isa = PBXGroup;
			children = (
				F9DA07AC20DFC6C500C0104C /* SkillCell.swift */,
				F9DA07AD20DFC6C500C0104C /* SkillCell.xib */,
			);
			name = SkillCell;
			sourceTree = "<group>";
		};
		F9551E092067BA1F001618AC /* ContactCell */ = {
			isa = PBXGroup;
			children = (
				F9DA07A820DFC6B600C0104C /* ContactCell.swift */,
				F9DA07A920DFC6B600C0104C /* ContactCell.xib */,
			);
			name = ContactCell;
			sourceTree = "<group>";
		};
		F9551E102067BB53001618AC /* HelperClasses */ = {
			isa = PBXGroup;
			children = (
				F951A3A42067C97100181788 /* UiViewToImage.swift */,
				F9DA07A620DFC62400C0104C /* tapGestureRecognizerwithParam.swift */,
			);
			name = HelperClasses;
			sourceTree = "<group>";
		};
		F979257920676B28008CEDB9 = {
			isa = PBXGroup;
			children = (
				F979258420676B28008CEDB9 /* CareerViewer */,
				F979259C20676B28008CEDB9 /* CareerViewerTests */,
				F979258320676B28008CEDB9 /* Products */,
				F55F50395F02A9343015230E /* Pods */,
				6A8260BE1519289D0D302292 /* Frameworks */,
			);
			sourceTree = "<group>";
		};
		F979258320676B28008CEDB9 /* Products */ = {
			isa = PBXGroup;
			children = (
				F979258220676B28008CEDB9 /* CareerViewer.app */,
				F979259920676B28008CEDB9 /* CareerViewerTests.xctest */,
			);
			name = Products;
			sourceTree = "<group>";
		};
		F979258420676B28008CEDB9 /* CareerViewer */ = {
			isa = PBXGroup;
			children = (
				F9551DE72067ABEA001618AC /* JasonFiles */,
				F97925BC206777FD008CEDB9 /* Enum */,
				F97925AA20676BD4008CEDB9 /* Controller */,
				F97925A920676BCC008CEDB9 /* View */,
				F97925A820676BC4008CEDB9 /* Model */,
				F979258520676B28008CEDB9 /* AppDelegate.swift */,
				F979258920676B28008CEDB9 /* Main.storyboard */,
				F979258F20676B28008CEDB9 /* Assets.xcassets */,
				F979259120676B28008CEDB9 /* LaunchScreen.storyboard */,
				F979259420676B28008CEDB9 /* Info.plist */,
				F979258C20676B28008CEDB9 /* CareerViewer.xcdatamodeld */,
			);
			path = CareerViewer;
			sourceTree = "<group>";
		};
		F979259C20676B28008CEDB9 /* CareerViewerTests */ = {
			isa = PBXGroup;
			children = (
				F979259D20676B28008CEDB9 /* CareerViewerTests.swift */,
				F979259F20676B28008CEDB9 /* Info.plist */,
			);
			path = CareerViewerTests;
			sourceTree = "<group>";
		};
		F97925A820676BC4008CEDB9 /* Model */ = {
			isa = PBXGroup;
			children = (
				F9E8E80D20677AEC005B4FAE /* HelperClasses */,
				F97925AB2067748A008CEDB9 /* LogicClasses */,
			);
			name = Model;
			sourceTree = "<group>";
		};
		F97925A920676BCC008CEDB9 /* View */ = {
			isa = PBXGroup;
			children = (
				F9551E092067BA1F001618AC /* ContactCell */,
				F9551E022067B840001618AC /* SkillCell */,
				F9551DFB2067B2E6001618AC /* WorkExperienceCell */,
				F9551DF42067AF8E001618AC /* EducationCell */,
			);
			name = View;
			sourceTree = "<group>";
		};
		F97925AA20676BD4008CEDB9 /* Controller */ = {
			isa = PBXGroup;
			children = (
				F9551E102067BB53001618AC /* HelperClasses */,
				F9E8E81620679819005B4FAE /* OverviewViewController.swift */,
				F9E8E81A206798DF005B4FAE /* BaseViewController.swift */,
				F9551DF22067AF08001618AC /* EducationViewController.swift */,
				F9551DF92067B2CA001618AC /* WorkExperienceViewController.swift */,
				F9551E072067B8AB001618AC /* SkillViewController.swift */,
				F9551E0E2067BAEE001618AC /* ContactViewController.swift */,
			);
			name = Controller;
			sourceTree = "<group>";
		};
		F97925AB2067748A008CEDB9 /* LogicClasses */ = {
			isa = PBXGroup;
			children = (
				F97925AC206774C0008CEDB9 /* Overview */,
				F97925B220677695008CEDB9 /* Resume.swift */,
				F97925B62067777D008CEDB9 /* Education.swift */,
				F97925B420677771008CEDB9 /* WorkExperience.swift */,
				F97925B820677798008CEDB9 /* Skill.swift */,
				F97925BA206777AB008CEDB9 /* Contact.swift */,
			);
			name = LogicClasses;
			sourceTree = "<group>";
		};
		F97925AC206774C0008CEDB9 /* Overview */ = {
			isa = PBXGroup;
			children = (
				F97925AD20677569008CEDB9 /* Overview+CoreDataClass.swift */,
				F97925AE20677569008CEDB9 /* Overview+CoreDataProperties.swift */,
			);
			name = Overview;
			sourceTree = "<group>";
		};
		F97925BC206777FD008CEDB9 /* Enum */ = {
			isa = PBXGroup;
			children = (
				F97925BD20677836008CEDB9 /* ContactType.swift */,
				F9E8E81220678C93005B4FAE /* ApiUrl.swift */,
				F9E8E81420678CD8005B4FAE /* ErrorType.swift */,
				F9E8E81C20679915005B4FAE /* ErrorMessage.swift */,
				F9DA07A420DFC54F00C0104C /* Result.swift */,
			);
			name = Enum;
			sourceTree = "<group>";
		};
		F9E8E80D20677AEC005B4FAE /* HelperClasses */ = {
			isa = PBXGroup;
			children = (
				F9551DE42067ABA3001618AC /* Json */,
				F9551DE32067AB99001618AC /* CoreData */,
			);
			name = HelperClasses;
			sourceTree = "<group>";
		};
/* End PBXGroup section */

/* Begin PBXNativeTarget section */
		F979258120676B28008CEDB9 /* CareerViewer */ = {
			isa = PBXNativeTarget;
			buildConfigurationList = F97925A220676B28008CEDB9 /* Build configuration list for PBXNativeTarget "CareerViewer" */;
			buildPhases = (
				FE6C085A85B8054DB42AA10D /* [CP] Check Pods Manifest.lock */,
				F979257E20676B28008CEDB9 /* Sources */,
				F979257F20676B28008CEDB9 /* Frameworks */,
				F979258020676B28008CEDB9 /* Resources */,
				AE4942BBD5EF03329E1D34A3 /* [CP] Embed Pods Frameworks */,
				0B3102D223235C545A07451F /* [CP] Copy Pods Resources */,
			);
			buildRules = (
			);
			dependencies = (
			);
			name = CareerViewer;
			productName = CareerViewer;
			productReference = F979258220676B28008CEDB9 /* CareerViewer.app */;
			productType = "com.apple.product-type.application";
		};
		F979259820676B28008CEDB9 /* CareerViewerTests */ = {
			isa = PBXNativeTarget;
			buildConfigurationList = F97925A520676B28008CEDB9 /* Build configuration list for PBXNativeTarget "CareerViewerTests" */;
			buildPhases = (
				93D7BFDEDE49C36E760EB4AD /* [CP] Check Pods Manifest.lock */,
				F979259520676B28008CEDB9 /* Sources */,
				F979259620676B28008CEDB9 /* Frameworks */,
				F979259720676B28008CEDB9 /* Resources */,
				280486B400A98BBD7DB0E60C /* [CP] Embed Pods Frameworks */,
				0E0C319A6563C1EEF019A202 /* [CP] Copy Pods Resources */,
			);
			buildRules = (
			);
			dependencies = (
				F979259B20676B28008CEDB9 /* PBXTargetDependency */,
			);
			name = CareerViewerTests;
			productName = CareerViewerTests;
			productReference = F979259920676B28008CEDB9 /* CareerViewerTests.xctest */;
			productType = "com.apple.product-type.bundle.unit-test";
		};
/* End PBXNativeTarget section */

/* Begin PBXProject section */
		F979257A20676B28008CEDB9 /* Project object */ = {
			isa = PBXProject;
			attributes = {
				LastSwiftUpdateCheck = 0820;
				LastUpgradeCheck = 0820;
				ORGANIZATIONNAME = tiseno;
				TargetAttributes = {
					F979258120676B28008CEDB9 = {
						CreatedOnToolsVersion = 8.2.1;
						DevelopmentTeam = KFB7KQY39Z;
						ProvisioningStyle = Automatic;
					};
					F979259820676B28008CEDB9 = {
						CreatedOnToolsVersion = 8.2.1;
						DevelopmentTeam = KFB7KQY39Z;
						ProvisioningStyle = Automatic;
						TestTargetID = F979258120676B28008CEDB9;
					};
				};
			};
			buildConfigurationList = F979257D20676B28008CEDB9 /* Build configuration list for PBXProject "CareerViewer" */;
			compatibilityVersion = "Xcode 3.2";
			developmentRegion = English;
			hasScannedForEncodings = 0;
			knownRegions = (
				en,
				Base,
			);
			mainGroup = F979257920676B28008CEDB9;
			productRefGroup = F979258320676B28008CEDB9 /* Products */;
			projectDirPath = "";
			projectRoot = "";
			targets = (
				F979258120676B28008CEDB9 /* CareerViewer */,
				F979259820676B28008CEDB9 /* CareerViewerTests */,
			);
		};
/* End PBXProject section */

/* Begin PBXResourcesBuildPhase section */
		F979258020676B28008CEDB9 /* Resources */ = {
			isa = PBXResourcesBuildPhase;
			buildActionMask = 2147483647;
			files = (
				F9DA07B320DFC6CD00C0104C /* WorkExperienceCell.xib in Resources */,
				F9551DEF2067AC28001618AC /* contact.json in Resources */,
				F979259320676B28008CEDB9 /* LaunchScreen.storyboard in Resources */,
				F9551DF12067AC28001618AC /* education.json in Resources */,
				F9DA07AF20DFC6C500C0104C /* SkillCell.xib in Resources */,
				F9DA07AB20DFC6B600C0104C /* ContactCell.xib in Resources */,
				F979259020676B28008CEDB9 /* Assets.xcassets in Resources */,
				F9551DED2067AC28001618AC /* workExperience.json in Resources */,
				F979258B20676B28008CEDB9 /* Main.storyboard in Resources */,
				F9551DF02067AC28001618AC /* skill.json in Resources */,
				F9DA07B620DFC6D600C0104C /* EducationCell.xib in Resources */,
				F9551DEE2067AC28001618AC /* wrongFormatFile.json in Resources */,
			);
			runOnlyForDeploymentPostprocessing = 0;
		};
		F979259720676B28008CEDB9 /* Resources */ = {
			isa = PBXResourcesBuildPhase;
			buildActionMask = 2147483647;
			files = (
			);
			runOnlyForDeploymentPostprocessing = 0;
		};
/* End PBXResourcesBuildPhase section */

/* Begin PBXShellScriptBuildPhase section */
		0B3102D223235C545A07451F /* [CP] Copy Pods Resources */ = {
			isa = PBXShellScriptBuildPhase;
			buildActionMask = 2147483647;
			files = (
			);
			inputPaths = (
			);
			name = "[CP] Copy Pods Resources";
			outputPaths = (
			);
			runOnlyForDeploymentPostprocessing = 0;
			shellPath = /bin/sh;
			shellScript = "\"${SRCROOT}/Pods/Target Support Files/Pods-CareerViewer/Pods-CareerViewer-resources.sh\"\n";
			showEnvVarsInLog = 0;
		};
		0E0C319A6563C1EEF019A202 /* [CP] Copy Pods Resources */ = {
			isa = PBXShellScriptBuildPhase;
			buildActionMask = 2147483647;
			files = (
			);
			inputPaths = (
			);
			name = "[CP] Copy Pods Resources";
			outputPaths = (
			);
			runOnlyForDeploymentPostprocessing = 0;
			shellPath = /bin/sh;
			shellScript = "\"${SRCROOT}/Pods/Target Support Files/Pods-CareerViewerTests/Pods-CareerViewerTests-resources.sh\"\n";
			showEnvVarsInLog = 0;
		};
		280486B400A98BBD7DB0E60C /* [CP] Embed Pods Frameworks */ = {
			isa = PBXShellScriptBuildPhase;
			buildActionMask = 2147483647;
			files = (
			);
			inputPaths = (
			);
			name = "[CP] Embed Pods Frameworks";
			outputPaths = (
			);
			runOnlyForDeploymentPostprocessing = 0;
			shellPath = /bin/sh;
			shellScript = "\"${SRCROOT}/Pods/Target Support Files/Pods-CareerViewerTests/Pods-CareerViewerTests-frameworks.sh\"\n";
			showEnvVarsInLog = 0;
		};
		93D7BFDEDE49C36E760EB4AD /* [CP] Check Pods Manifest.lock */ = {
			isa = PBXShellScriptBuildPhase;
			buildActionMask = 2147483647;
			files = (
			);
			inputPaths = (
				"${PODS_PODFILE_DIR_PATH}/Podfile.lock",
				"${PODS_ROOT}/Manifest.lock",
			);
			name = "[CP] Check Pods Manifest.lock";
			outputPaths = (
				"$(DERIVED_FILE_DIR)/Pods-CareerViewerTests-checkManifestLockResult.txt",
			);
			runOnlyForDeploymentPostprocessing = 0;
			shellPath = /bin/sh;
			shellScript = "diff \"${PODS_PODFILE_DIR_PATH}/Podfile.lock\" \"${PODS_ROOT}/Manifest.lock\" > /dev/null\nif [ $? != 0 ] ; then\n    # print error to STDERR\n    echo \"error: The sandbox is not in sync with the Podfile.lock. Run 'pod install' or update your CocoaPods installation.\" >&2\n    exit 1\nfi\n# This output is used by Xcode 'outputs' to avoid re-running this script phase.\necho \"SUCCESS\" > \"${SCRIPT_OUTPUT_FILE_0}\"\n";
			showEnvVarsInLog = 0;
		};
		AE4942BBD5EF03329E1D34A3 /* [CP] Embed Pods Frameworks */ = {
			isa = PBXShellScriptBuildPhase;
			buildActionMask = 2147483647;
			files = (
			);
			inputPaths = (
				"${SRCROOT}/Pods/Target Support Files/Pods-CareerViewer/Pods-CareerViewer-frameworks.sh",
				"${BUILT_PRODUCTS_DIR}/Alamofire/Alamofire.framework",
				"${BUILT_PRODUCTS_DIR}/RxCocoa/RxCocoa.framework",
				"${BUILT_PRODUCTS_DIR}/RxSwift/RxSwift.framework",
			);
			name = "[CP] Embed Pods Frameworks";
			outputPaths = (
				"${TARGET_BUILD_DIR}/${FRAMEWORKS_FOLDER_PATH}/Alamofire.framework",
				"${TARGET_BUILD_DIR}/${FRAMEWORKS_FOLDER_PATH}/RxCocoa.framework",
				"${TARGET_BUILD_DIR}/${FRAMEWORKS_FOLDER_PATH}/RxSwift.framework",
			);
			runOnlyForDeploymentPostprocessing = 0;
			shellPath = /bin/sh;
			shellScript = "\"${SRCROOT}/Pods/Target Support Files/Pods-CareerViewer/Pods-CareerViewer-frameworks.sh\"\n";
			showEnvVarsInLog = 0;
		};
		FE6C085A85B8054DB42AA10D /* [CP] Check Pods Manifest.lock */ = {
			isa = PBXShellScriptBuildPhase;
			buildActionMask = 2147483647;
			files = (
			);
			inputPaths = (
				"${PODS_PODFILE_DIR_PATH}/Podfile.lock",
				"${PODS_ROOT}/Manifest.lock",
			);
			name = "[CP] Check Pods Manifest.lock";
			outputPaths = (
				"$(DERIVED_FILE_DIR)/Pods-CareerViewer-checkManifestLockResult.txt",
			);
			runOnlyForDeploymentPostprocessing = 0;
			shellPath = /bin/sh;
			shellScript = "diff \"${PODS_PODFILE_DIR_PATH}/Podfile.lock\" \"${PODS_ROOT}/Manifest.lock\" > /dev/null\nif [ $? != 0 ] ; then\n    # print error to STDERR\n    echo \"error: The sandbox is not in sync with the Podfile.lock. Run 'pod install' or update your CocoaPods installation.\" >&2\n    exit 1\nfi\n# This output is used by Xcode 'outputs' to avoid re-running this script phase.\necho \"SUCCESS\" > \"${SCRIPT_OUTPUT_FILE_0}\"\n";
			showEnvVarsInLog = 0;
		};
/* End PBXShellScriptBuildPhase section */

/* Begin PBXSourcesBuildPhase section */
		F979257E20676B28008CEDB9 /* Sources */ = {
			isa = PBXSourcesBuildPhase;
			buildActionMask = 2147483647;
			files = (
				F97925B320677695008CEDB9 /* Resume.swift in Sources */,
				F9E8E81D20679915005B4FAE /* ErrorMessage.swift in Sources */,
				F9E8E80F20677B0A005B4FAE /* CoreDataHandler.swift in Sources */,
				F9E8E81720679819005B4FAE /* OverviewViewController.swift in Sources */,
				F9E8E81320678C93005B4FAE /* ApiUrl.swift in Sources */,
				F9551DFA2067B2CA001618AC /* WorkExperienceViewController.swift in Sources */,
				F97925BB206777AB008CEDB9 /* Contact.swift in Sources */,
				F9DA07AE20DFC6C500C0104C /* SkillCell.swift in Sources */,
				F979258620676B28008CEDB9 /* AppDelegate.swift in Sources */,
				F9551E082067B8AB001618AC /* SkillViewController.swift in Sources */,
				F97925B920677798008CEDB9 /* Skill.swift in Sources */,
				F97925B020677569008CEDB9 /* Overview+CoreDataProperties.swift in Sources */,
				F9551DE62067ABB2001618AC /* JsonHandler.swift in Sources */,
				F9E8E81520678CD8005B4FAE /* ErrorType.swift in Sources */,
				F9DA07B220DFC6CD00C0104C /* WorkExperienceCell.swift in Sources */,
				F9551E0F2067BAEE001618AC /* ContactViewController.swift in Sources */,
				F9DA07A720DFC62400C0104C /* tapGestureRecognizerwithParam.swift in Sources */,
				F9DA07AA20DFC6B600C0104C /* ContactCell.swift in Sources */,
				F951A3A52067C97100181788 /* UiViewToImage.swift in Sources */,
				F97925AF20677569008CEDB9 /* Overview+CoreDataClass.swift in Sources */,
				F9DA07A520DFC54F00C0104C /* Result.swift in Sources */,
				F97925BE20677836008CEDB9 /* ContactType.swift in Sources */,
				F9DA07B720DFC6D600C0104C /* EducationCell.swift in Sources */,
				F979258E20676B28008CEDB9 /* CareerViewer.xcdatamodeld in Sources */,
				F9551DF32067AF08001618AC /* EducationViewController.swift in Sources */,
				F9E8E81B206798DF005B4FAE /* BaseViewController.swift in Sources */,
				F97925B72067777D008CEDB9 /* Education.swift in Sources */,
				F97925B520677771008CEDB9 /* WorkExperience.swift in Sources */,
			);
			runOnlyForDeploymentPostprocessing = 0;
		};
		F979259520676B28008CEDB9 /* Sources */ = {
			isa = PBXSourcesBuildPhase;
			buildActionMask = 2147483647;
			files = (
				F979259E20676B28008CEDB9 /* CareerViewerTests.swift in Sources */,
			);
			runOnlyForDeploymentPostprocessing = 0;
		};
/* End PBXSourcesBuildPhase section */

/* Begin PBXTargetDependency section */
		F979259B20676B28008CEDB9 /* PBXTargetDependency */ = {
			isa = PBXTargetDependency;
			target = F979258120676B28008CEDB9 /* CareerViewer */;
			targetProxy = F979259A20676B28008CEDB9 /* PBXContainerItemProxy */;
		};
/* End PBXTargetDependency section */

/* Begin PBXVariantGroup section */
		F979258920676B28008CEDB9 /* Main.storyboard */ = {
			isa = PBXVariantGroup;
			children = (
				F979258A20676B28008CEDB9 /* Base */,
			);
			name = Main.storyboard;
			sourceTree = "<group>";
		};
		F979259120676B28008CEDB9 /* LaunchScreen.storyboard */ = {
			isa = PBXVariantGroup;
			children = (
				F979259220676B28008CEDB9 /* Base */,
			);
			name = LaunchScreen.storyboard;
			sourceTree = "<group>";
		};
/* End PBXVariantGroup section */

/* Begin XCBuildConfiguration section */
		F97925A020676B28008CEDB9 /* Debug */ = {
			isa = XCBuildConfiguration;
			buildSettings = {
				ALWAYS_SEARCH_USER_PATHS = NO;
				CLANG_ANALYZER_NONNULL = YES;
				CLANG_CXX_LANGUAGE_STANDARD = "gnu++0x";
				CLANG_CXX_LIBRARY = "libc++";
				CLANG_ENABLE_MODULES = YES;
				CLANG_ENABLE_OBJC_ARC = YES;
				CLANG_WARN_BOOL_CONVERSION = YES;
				CLANG_WARN_CONSTANT_CONVERSION = YES;
				CLANG_WARN_DIRECT_OBJC_ISA_USAGE = YES_ERROR;
				CLANG_WARN_DOCUMENTATION_COMMENTS = YES;
				CLANG_WARN_EMPTY_BODY = YES;
				CLANG_WARN_ENUM_CONVERSION = YES;
				CLANG_WARN_INFINITE_RECURSION = YES;
				CLANG_WARN_INT_CONVERSION = YES;
				CLANG_WARN_OBJC_ROOT_CLASS = YES_ERROR;
				CLANG_WARN_SUSPICIOUS_MOVE = YES;
				CLANG_WARN_UNREACHABLE_CODE = YES;
				CLANG_WARN__DUPLICATE_METHOD_MATCH = YES;
				"CODE_SIGN_IDENTITY[sdk=iphoneos*]" = "iPhone Developer";
				COPY_PHASE_STRIP = NO;
				DEBUG_INFORMATION_FORMAT = dwarf;
				ENABLE_STRICT_OBJC_MSGSEND = YES;
				ENABLE_TESTABILITY = YES;
				GCC_C_LANGUAGE_STANDARD = gnu99;
				GCC_DYNAMIC_NO_PIC = NO;
				GCC_NO_COMMON_BLOCKS = YES;
				GCC_OPTIMIZATION_LEVEL = 0;
				GCC_PREPROCESSOR_DEFINITIONS = (
					"DEBUG=1",
					"$(inherited)",
				);
				GCC_WARN_64_TO_32_BIT_CONVERSION = YES;
				GCC_WARN_ABOUT_RETURN_TYPE = YES_ERROR;
				GCC_WARN_UNDECLARED_SELECTOR = YES;
				GCC_WARN_UNINITIALIZED_AUTOS = YES_AGGRESSIVE;
				GCC_WARN_UNUSED_FUNCTION = YES;
				GCC_WARN_UNUSED_VARIABLE = YES;
				IPHONEOS_DEPLOYMENT_TARGET = 10.2;
				MTL_ENABLE_DEBUG_INFO = YES;
				ONLY_ACTIVE_ARCH = YES;
				SDKROOT = iphoneos;
				SWIFT_ACTIVE_COMPILATION_CONDITIONS = DEBUG;
				SWIFT_OPTIMIZATION_LEVEL = "-Onone";
			};
			name = Debug;
		};
		F97925A120676B28008CEDB9 /* Release */ = {
			isa = XCBuildConfiguration;
			buildSettings = {
				ALWAYS_SEARCH_USER_PATHS = NO;
				CLANG_ANALYZER_NONNULL = YES;
				CLANG_CXX_LANGUAGE_STANDARD = "gnu++0x";
				CLANG_CXX_LIBRARY = "libc++";
				CLANG_ENABLE_MODULES = YES;
				CLANG_ENABLE_OBJC_ARC = YES;
				CLANG_WARN_BOOL_CONVERSION = YES;
				CLANG_WARN_CONSTANT_CONVERSION = YES;
				CLANG_WARN_DIRECT_OBJC_ISA_USAGE = YES_ERROR;
				CLANG_WARN_DOCUMENTATION_COMMENTS = YES;
				CLANG_WARN_EMPTY_BODY = YES;
				CLANG_WARN_ENUM_CONVERSION = YES;
				CLANG_WARN_INFINITE_RECURSION = YES;
				CLANG_WARN_INT_CONVERSION = YES;
				CLANG_WARN_OBJC_ROOT_CLASS = YES_ERROR;
				CLANG_WARN_SUSPICIOUS_MOVE = YES;
				CLANG_WARN_UNREACHABLE_CODE = YES;
				CLANG_WARN__DUPLICATE_METHOD_MATCH = YES;
				"CODE_SIGN_IDENTITY[sdk=iphoneos*]" = "iPhone Developer";
				COPY_PHASE_STRIP = NO;
				DEBUG_INFORMATION_FORMAT = "dwarf-with-dsym";
				ENABLE_NS_ASSERTIONS = NO;
				ENABLE_STRICT_OBJC_MSGSEND = YES;
				GCC_C_LANGUAGE_STANDARD = gnu99;
				GCC_NO_COMMON_BLOCKS = YES;
				GCC_WARN_64_TO_32_BIT_CONVERSION = YES;
				GCC_WARN_ABOUT_RETURN_TYPE = YES_ERROR;
				GCC_WARN_UNDECLARED_SELECTOR = YES;
				GCC_WARN_UNINITIALIZED_AUTOS = YES_AGGRESSIVE;
				GCC_WARN_UNUSED_FUNCTION = YES;
				GCC_WARN_UNUSED_VARIABLE = YES;
				IPHONEOS_DEPLOYMENT_TARGET = 10.2;
				MTL_ENABLE_DEBUG_INFO = NO;
				SDKROOT = iphoneos;
				SWIFT_OPTIMIZATION_LEVEL = "-Owholemodule";
				VALIDATE_PRODUCT = YES;
			};
			name = Release;
		};
		F97925A320676B28008CEDB9 /* Debug */ = {
			isa = XCBuildConfiguration;
			baseConfigurationReference = 5D9AB0849B7D71CC42213F0D /* Pods-CareerViewer.debug.xcconfig */;
			buildSettings = {
				ASSETCATALOG_COMPILER_APPICON_NAME = AppIcon;
				DEVELOPMENT_TEAM = KFB7KQY39Z;
				INFOPLIST_FILE = CareerViewer/Info.plist;
				LD_RUNPATH_SEARCH_PATHS = "$(inherited) @executable_path/Frameworks";
				PRODUCT_BUNDLE_IDENTIFIER = tiseno.com.CareerViewer;
				PRODUCT_NAME = "$(TARGET_NAME)";
				SWIFT_VERSION = 4.0;
				TARGETED_DEVICE_FAMILY = "1,2";
			};
			name = Debug;
		};
		F97925A420676B28008CEDB9 /* Release */ = {
			isa = XCBuildConfiguration;
			baseConfigurationReference = 5B2675E3F4A2E04E9795A729 /* Pods-CareerViewer.release.xcconfig */;
			buildSettings = {
				ASSETCATALOG_COMPILER_APPICON_NAME = AppIcon;
				DEVELOPMENT_TEAM = KFB7KQY39Z;
				INFOPLIST_FILE = CareerViewer/Info.plist;
				LD_RUNPATH_SEARCH_PATHS = "$(inherited) @executable_path/Frameworks";
				PRODUCT_BUNDLE_IDENTIFIER = tiseno.com.CareerViewer;
				PRODUCT_NAME = "$(TARGET_NAME)";
				SWIFT_VERSION = 4.0;
				TARGETED_DEVICE_FAMILY = "1,2";
			};
			name = Release;
		};
		F97925A620676B28008CEDB9 /* Debug */ = {
			isa = XCBuildConfiguration;
			baseConfigurationReference = D18F292374684736A706D828 /* Pods-CareerViewerTests.debug.xcconfig */;
			buildSettings = {
				ALWAYS_EMBED_SWIFT_STANDARD_LIBRARIES = YES;
				BUNDLE_LOADER = "$(TEST_HOST)";
				DEVELOPMENT_TEAM = KFB7KQY39Z;
				INFOPLIST_FILE = CareerViewerTests/Info.plist;
				LD_RUNPATH_SEARCH_PATHS = "$(inherited) @executable_path/Frameworks @loader_path/Frameworks";
				PRODUCT_BUNDLE_IDENTIFIER = tiseno.com.CareerViewerTests;
				PRODUCT_NAME = "$(TARGET_NAME)";
				SWIFT_VERSION = 3.0;
				TEST_HOST = "$(BUILT_PRODUCTS_DIR)/CareerViewer.app/CareerViewer";
			};
			name = Debug;
		};
		F97925A720676B28008CEDB9 /* Release */ = {
			isa = XCBuildConfiguration;
			baseConfigurationReference = 83E4911FDD9FA0FB550E5B1D /* Pods-CareerViewerTests.release.xcconfig */;
			buildSettings = {
				ALWAYS_EMBED_SWIFT_STANDARD_LIBRARIES = YES;
				BUNDLE_LOADER = "$(TEST_HOST)";
				DEVELOPMENT_TEAM = KFB7KQY39Z;
				INFOPLIST_FILE = CareerViewerTests/Info.plist;
				LD_RUNPATH_SEARCH_PATHS = "$(inherited) @executable_path/Frameworks @loader_path/Frameworks";
				PRODUCT_BUNDLE_IDENTIFIER = tiseno.com.CareerViewerTests;
				PRODUCT_NAME = "$(TARGET_NAME)";
				SWIFT_VERSION = 3.0;
				TEST_HOST = "$(BUILT_PRODUCTS_DIR)/CareerViewer.app/CareerViewer";
			};
			name = Release;
		};
/* End XCBuildConfiguration section */

/* Begin XCConfigurationList section */
		F979257D20676B28008CEDB9 /* Build configuration list for PBXProject "CareerViewer" */ = {
			isa = XCConfigurationList;
			buildConfigurations = (
				F97925A020676B28008CEDB9 /* Debug */,
				F97925A120676B28008CEDB9 /* Release */,
			);
			defaultConfigurationIsVisible = 0;
			defaultConfigurationName = Release;
		};
		F97925A220676B28008CEDB9 /* Build configuration list for PBXNativeTarget "CareerViewer" */ = {
			isa = XCConfigurationList;
			buildConfigurations = (
				F97925A320676B28008CEDB9 /* Debug */,
				F97925A420676B28008CEDB9 /* Release */,
			);
			defaultConfigurationIsVisible = 0;
			defaultConfigurationName = Release;
		};
		F97925A520676B28008CEDB9 /* Build configuration list for PBXNativeTarget "CareerViewerTests" */ = {
			isa = XCConfigurationList;
			buildConfigurations = (
				F97925A620676B28008CEDB9 /* Debug */,
				F97925A720676B28008CEDB9 /* Release */,
			);
			defaultConfigurationIsVisible = 0;
			defaultConfigurationName = Release;
		};
/* End XCConfigurationList section */

/* Begin XCVersionGroup section */
		F979258C20676B28008CEDB9 /* CareerViewer.xcdatamodeld */ = {
			isa = XCVersionGroup;
			children = (
				F979258D20676B28008CEDB9 /* CareerViewer.xcdatamodel */,
			);
			currentVersion = F979258D20676B28008CEDB9 /* CareerViewer.xcdatamodel */;
			path = CareerViewer.xcdatamodeld;
			sourceTree = "<group>";
			versionGroupType = wrapper.xcdatamodel;
		};
/* End XCVersionGroup section */
	};
	rootObject = F979257A20676B28008CEDB9 /* Project object */;
}
